// !$*UTF8*$!
{
	archiveVersion = 1;
	classes = {
	};
	objectVersion = 46;
	objects = {

/* Begin PBXBuildFile section */
		FE13AFED1C5A19D200275A5F /* main.m in Sources */ = {isa = PBXBuildFile; fileRef = FE13AFEC1C5A19D200275A5F /* main.m */; };
		FE13AFF01C5A19D200275A5F /* AppDelegate.m in Sources */ = {isa = PBXBuildFile; fileRef = FE13AFEF1C5A19D200275A5F /* AppDelegate.m */; };
		FE13AFF31C5A19D200275A5F /* ViewController.m in Sources */ = {isa = PBXBuildFile; fileRef = FE13AFF21C5A19D200275A5F /* ViewController.m */; };
		FE13AFF61C5A19D200275A5F /* Main.storyboard in Resources */ = {isa = PBXBuildFile; fileRef = FE13AFF41C5A19D200275A5F /* Main.storyboard */; };
		FE13AFF81C5A19D200275A5F /* Assets.xcassets in Resources */ = {isa = PBXBuildFile; fileRef = FE13AFF71C5A19D200275A5F /* Assets.xcassets */; };
		FE13AFFB1C5A19D200275A5F /* LaunchScreen.storyboard in Resources */ = {isa = PBXBuildFile; fileRef = FE13AFF91C5A19D200275A5F /* LaunchScreen.storyboard */; };
		FE13B0071C5A1B5D00275A5F /* CUTabBarController.m in Sources */ = {isa = PBXBuildFile; fileRef = FE13B0061C5A1B5D00275A5F /* CUTabBarController.m */; };
		FE13B00A1C5A1D9A00275A5F /* CUTabBarExtension.m in Sources */ = {isa = PBXBuildFile; fileRef = FE13B0091C5A1D9A00275A5F /* CUTabBarExtension.m */; };
		FEECFA541C6055DE00225B0D /* CUButton.m in Sources */ = {isa = PBXBuildFile; fileRef = FEECFA531C6055DE00225B0D /* CUButton.m */; };
		FEECFA571C60567500225B0D /* UIView+CUFrame.m in Sources */ = {isa = PBXBuildFile; fileRef = FEECFA561C60567500225B0D /* UIView+CUFrame.m */; };
		FEECFA5B1C607F5E00225B0D /* FirstViewController.m in Sources */ = {isa = PBXBuildFile; fileRef = FEECFA5A1C607F5E00225B0D /* FirstViewController.m */; };
		FEECFA5E1C607F6D00225B0D /* SecondViewController.m in Sources */ = {isa = PBXBuildFile; fileRef = FEECFA5D1C607F6D00225B0D /* SecondViewController.m */; };
		FEECFA611C607F7900225B0D /* ThreeViewController.m in Sources */ = {isa = PBXBuildFile; fileRef = FEECFA601C607F7900225B0D /* ThreeViewController.m */; };
		FEECFA641C607F8700225B0D /* FourViewController.m in Sources */ = {isa = PBXBuildFile; fileRef = FEECFA631C607F8700225B0D /* FourViewController.m */; };
/* End PBXBuildFile section */

/* Begin PBXFileReference section */
		FE13AFE81C5A19D200275A5F /* FKTabBarController.app */ = {isa = PBXFileReference; explicitFileType = wrapper.application; includeInIndex = 0; path = FKTabBarController.app; sourceTree = BUILT_PRODUCTS_DIR; };
		FE13AFEC1C5A19D200275A5F /* main.m */ = {isa = PBXFileReference; lastKnownFileType = sourcecode.c.objc; path = main.m; sourceTree = "<group>"; };
		FE13AFEE1C5A19D200275A5F /* AppDelegate.h */ = {isa = PBXFileReference; lastKnownFileType = sourcecode.c.h; path = AppDelegate.h; sourceTree = "<group>"; };
		FE13AFEF1C5A19D200275A5F /* AppDelegate.m */ = {isa = PBXFileReference; lastKnownFileType = sourcecode.c.objc; path = AppDelegate.m; sourceTree = "<group>"; };
		FE13AFF11C5A19D200275A5F /* ViewController.h */ = {isa = PBXFileReference; lastKnownFileType = sourcecode.c.h; path = ViewController.h; sourceTree = "<group>"; };
		FE13AFF21C5A19D200275A5F /* ViewController.m */ = {isa = PBXFileReference; lastKnownFileType = sourcecode.c.objc; path = ViewController.m; sourceTree = "<group>"; };
		FE13AFF51C5A19D200275A5F /* Base */ = {isa = PBXFileReference; lastKnownFileType = file.storyboard; name = Base; path = Base.lproj/Main.storyboard; sourceTree = "<group>"; };
		FE13AFF71C5A19D200275A5F /* Assets.xcassets */ = {isa = PBXFileReference; lastKnownFileType = folder.assetcatalog; path = Assets.xcassets; sourceTree = "<group>"; };
		FE13AFFA1C5A19D200275A5F /* Base */ = {isa = PBXFileReference; lastKnownFileType = file.storyboard; name = Base; path = Base.lproj/LaunchScreen.storyboard; sourceTree = "<group>"; };
		FE13AFFC1C5A19D200275A5F /* Info.plist */ = {isa = PBXFileReference; lastKnownFileType = text.plist.xml; path = Info.plist; sourceTree = "<group>"; };
		FE13B0051C5A1B5D00275A5F /* CUTabBarController.h */ = {isa = PBXFileReference; fileEncoding = 4; lastKnownFileType = sourcecode.c.h; path = CUTabBarController.h; sourceTree = "<group>"; };
		FE13B0061C5A1B5D00275A5F /* CUTabBarController.m */ = {isa = PBXFileReference; fileEncoding = 4; lastKnownFileType = sourcecode.c.objc; path = CUTabBarController.m; sourceTree = "<group>"; };
		FE13B0081C5A1D9A00275A5F /* CUTabBarExtension.h */ = {isa = PBXFileReference; fileEncoding = 4; lastKnownFileType = sourcecode.c.h; path = CUTabBarExtension.h; sourceTree = "<group>"; };
		FE13B0091C5A1D9A00275A5F /* CUTabBarExtension.m */ = {isa = PBXFileReference; fileEncoding = 4; lastKnownFileType = sourcecode.c.objc; path = CUTabBarExtension.m; sourceTree = "<group>"; };
		FEECFA521C6055DE00225B0D /* CUButton.h */ = {isa = PBXFileReference; fileEncoding = 4; lastKnownFileType = sourcecode.c.h; path = CUButton.h; sourceTree = "<group>"; };
		FEECFA531C6055DE00225B0D /* CUButton.m */ = {isa = PBXFileReference; fileEncoding = 4; lastKnownFileType = sourcecode.c.objc; path = CUButton.m; sourceTree = "<group>"; };
		FEECFA551C60567500225B0D /* UIView+CUFrame.h */ = {isa = PBXFileReference; fileEncoding = 4; lastKnownFileType = sourcecode.c.h; path = "UIView+CUFrame.h"; sourceTree = "<group>"; };
		FEECFA561C60567500225B0D /* UIView+CUFrame.m */ = {isa = PBXFileReference; fileEncoding = 4; lastKnownFileType = sourcecode.c.objc; path = "UIView+CUFrame.m"; sourceTree = "<group>"; };
		FEECFA591C607F5E00225B0D /* FirstViewController.h */ = {isa = PBXFileReference; fileEncoding = 4; lastKnownFileType = sourcecode.c.h; path = FirstViewController.h; sourceTree = "<group>"; };
		FEECFA5A1C607F5E00225B0D /* FirstViewController.m */ = {isa = PBXFileReference; fileEncoding = 4; lastKnownFileType = sourcecode.c.objc; path = FirstViewController.m; sourceTree = "<group>"; };
		FEECFA5C1C607F6D00225B0D /* SecondViewController.h */ = {isa = PBXFileReference; fileEncoding = 4; lastKnownFileType = sourcecode.c.h; path = SecondViewController.h; sourceTree = "<group>"; };
		FEECFA5D1C607F6D00225B0D /* SecondViewController.m */ = {isa = PBXFileReference; fileEncoding = 4; lastKnownFileType = sourcecode.c.objc; path = SecondViewController.m; sourceTree = "<group>"; };
		FEECFA5F1C607F7900225B0D /* ThreeViewController.h */ = {isa = PBXFileReference; fileEncoding = 4; lastKnownFileType = sourcecode.c.h; path = ThreeViewController.h; sourceTree = "<group>"; };
		FEECFA601C607F7900225B0D /* ThreeViewController.m */ = {isa = PBXFileReference; fileEncoding = 4; lastKnownFileType = sourcecode.c.objc; path = ThreeViewController.m; sourceTree = "<group>"; };
		FEECFA621C607F8700225B0D /* FourViewController.h */ = {isa = PBXFileReference; fileEncoding = 4; lastKnownFileType = sourcecode.c.h; path = FourViewController.h; sourceTree = "<group>"; };
		FEECFA631C607F8700225B0D /* FourViewController.m */ = {isa = PBXFileReference; fileEncoding = 4; lastKnownFileType = sourcecode.c.objc; path = FourViewController.m; sourceTree = "<group>"; };
/* End PBXFileReference section */

/* Begin PBXFrameworksBuildPhase section */
		FE13AFE51C5A19D200275A5F /* Frameworks */ = {
			isa = PBXFrameworksBuildPhase;
			buildActionMask = 2147483647;
			files = (
			);
			runOnlyForDeploymentPostprocessing = 0;
		};
/* End PBXFrameworksBuildPhase section */

/* Begin PBXGroup section */
		FE13AFDF1C5A19D100275A5F = {
			isa = PBXGroup;
			children = (
				FE13AFEA1C5A19D200275A5F /* FKTabBarController */,
				FE13AFE91C5A19D200275A5F /* Products */,
			);
			sourceTree = "<group>";
		};
		FE13AFE91C5A19D200275A5F /* Products */ = {
			isa = PBXGroup;
			children = (
				FE13AFE81C5A19D200275A5F /* FKTabBarController.app */,
			);
			name = Products;
			sourceTree = "<group>";
		};
		FE13AFEA1C5A19D200275A5F /* FKTabBarController */ = {
			isa = PBXGroup;
			children = (
				FEECFA581C607F2C00225B0D /* Controller */,
				FE13B0041C5A1B3000275A5F /* CusTabBarController */,
				FE13AFEE1C5A19D200275A5F /* AppDelegate.h */,
				FE13AFEF1C5A19D200275A5F /* AppDelegate.m */,
				FE13AFF11C5A19D200275A5F /* ViewController.h */,
				FE13AFF21C5A19D200275A5F /* ViewController.m */,
				FE13AFF41C5A19D200275A5F /* Main.storyboard */,
				FE13AFF71C5A19D200275A5F /* Assets.xcassets */,
				FE13AFF91C5A19D200275A5F /* LaunchScreen.storyboard */,
				FE13AFFC1C5A19D200275A5F /* Info.plist */,
				FE13AFEB1C5A19D200275A5F /* Supporting Files */,
			);
			path = FKTabBarController;
			sourceTree = "<group>";
		};
		FE13AFEB1C5A19D200275A5F /* Supporting Files */ = {
			isa = PBXGroup;
			children = (
				FE13AFEC1C5A19D200275A5F /* main.m */,
			);
			name = "Supporting Files";
			sourceTree = "<group>";
		};
		FE13B0041C5A1B3000275A5F /* CusTabBarController */ = {
			isa = PBXGroup;
			children = (
				FEECFA521C6055DE00225B0D /* CUButton.h */,
				FEECFA531C6055DE00225B0D /* CUButton.m */,
				FEECFA551C60567500225B0D /* UIView+CUFrame.h */,
				FEECFA561C60567500225B0D /* UIView+CUFrame.m */,
				FE13B0051C5A1B5D00275A5F /* CUTabBarController.h */,
				FE13B0061C5A1B5D00275A5F /* CUTabBarController.m */,
				FE13B0081C5A1D9A00275A5F /* CUTabBarExtension.h */,
				FE13B0091C5A1D9A00275A5F /* CUTabBarExtension.m */,
			);
			path = CusTabBarController;
			sourceTree = "<group>";
		};
		FEECFA581C607F2C00225B0D /* Controller */ = {
			isa = PBXGroup;
			children = (
				FEECFA591C607F5E00225B0D /* FirstViewController.h */,
				FEECFA5A1C607F5E00225B0D /* FirstViewController.m */,
				FEECFA5C1C607F6D00225B0D /* SecondViewController.h */,
				FEECFA5D1C607F6D00225B0D /* SecondViewController.m */,
				FEECFA5F1C607F7900225B0D /* ThreeViewController.h */,
				FEECFA601C607F7900225B0D /* ThreeViewController.m */,
				FEECFA621C607F8700225B0D /* FourViewController.h */,
				FEECFA631C607F8700225B0D /* FourViewController.m */,
			);
			name = Controller;
			sourceTree = "<group>";
		};
/* End PBXGroup section */

/* Begin PBXNativeTarget section */
		FE13AFE71C5A19D200275A5F /* FKTabBarController */ = {
			isa = PBXNativeTarget;
			buildConfigurationList = FE13AFFF1C5A19D200275A5F /* Build configuration list for PBXNativeTarget "FKTabBarController" */;
			buildPhases = (
				FE13AFE41C5A19D200275A5F /* Sources */,
				FE13AFE51C5A19D200275A5F /* Frameworks */,
				FE13AFE61C5A19D200275A5F /* Resources */,
			);
			buildRules = (
			);
			dependencies = (
			);
			name = FKTabBarController;
			productName = FKTabBarController;
			productReference = FE13AFE81C5A19D200275A5F /* FKTabBarController.app */;
			productType = "com.apple.product-type.application";
		};
/* End PBXNativeTarget section */

/* Begin PBXProject section */
		FE13AFE01C5A19D100275A5F /* Project object */ = {
			isa = PBXProject;
			attributes = {
				LastUpgradeCheck = 0720;
				ORGANIZATIONNAME = wenkai;
				TargetAttributes = {
					FE13AFE71C5A19D200275A5F = {
						CreatedOnToolsVersion = 7.2;
					};
				};
			};
			buildConfigurationList = FE13AFE31C5A19D100275A5F /* Build configuration list for PBXProject "FKTabBarController" */;
			compatibilityVersion = "Xcode 3.2";
			developmentRegion = English;
			hasScannedForEncodings = 0;
			knownRegions = (
				en,
				Base,
			);
			mainGroup = FE13AFDF1C5A19D100275A5F;
			productRefGroup = FE13AFE91C5A19D200275A5F /* Products */;
			projectDirPath = "";
			projectRoot = "";
			targets = (
				FE13AFE71C5A19D200275A5F /* FKTabBarController */,
			);
		};
/* End PBXProject section */

/* Begin PBXResourcesBuildPhase section */
		FE13AFE61C5A19D200275A5F /* Resources */ = {
			isa = PBXResourcesBuildPhase;
			buildActionMask = 2147483647;
			files = (
				FE13AFFB1C5A19D200275A5F /* LaunchScreen.storyboard in Resources */,
				FE13AFF81C5A19D200275A5F /* Assets.xcassets in Resources */,
				FE13AFF61C5A19D200275A5F /* Main.storyboard in Resources */,
			);
			runOnlyForDeploymentPostprocessing = 0;
		};
/* End PBXResourcesBuildPhase section */

/* Begin PBXSourcesBuildPhase section */
		FE13AFE41C5A19D200275A5F /* Sources */ = {
			isa = PBXSourcesBuildPhase;
			buildActionMask = 2147483647;
			files = (
				FEECFA5E1C607F6D00225B0D /* SecondViewController.m in Sources */,
				FE13AFF31C5A19D200275A5F /* ViewController.m in Sources */,
				FE13AFF01C5A19D200275A5F /* AppDelegate.m in Sources */,
				FE13AFED1C5A19D200275A5F /* main.m in Sources */,
				FEECFA571C60567500225B0D /* UIView+CUFrame.m in Sources */,
				FEECFA541C6055DE00225B0D /* CUButton.m in Sources */,
				FE13B0071C5A1B5D00275A5F /* CUTabBarController.m in Sources */,
				FE13B00A1C5A1D9A00275A5F /* CUTabBarExtension.m in Sources */,
				FEECFA5B1C607F5E00225B0D /* FirstViewController.m in Sources */,
				FEECFA641C607F8700225B0D /* FourViewController.m in Sources */,
				FEECFA611C607F7900225B0D /* ThreeViewController.m in Sources */,
			);
			runOnlyForDeploymentPostprocessing = 0;
		};
/* End PBXSourcesBuildPhase section */

/* Begin PBXVariantGroup section */
		FE13AFF41C5A19D200275A5F /* Main.storyboard */ = {
			isa = PBXVariantGroup;
			children = (
				FE13AFF51C5A19D200275A5F /* Base */,
			);
			name = Main.storyboard;
			sourceTree = "<group>";
		};
		FE13AFF91C5A19D200275A5F /* LaunchScreen.storyboard */ = {
			isa = PBXVariantGroup;
			children = (
				FE13AFFA1C5A19D200275A5F /* Base */,
			);
			name = LaunchScreen.storyboard;
			sourceTree = "<group>";
		};
/* End PBXVariantGroup section */

/* Begin XCBuildConfiguration section */
		FE13AFFD1C5A19D200275A5F /* Debug */ = {
			isa = XCBuildConfiguration;
			buildSettings = {
				ALWAYS_SEARCH_USER_PATHS = NO;
				CLANG_CXX_LANGUAGE_STANDARD = "gnu++0x";
				CLANG_CXX_LIBRARY = "libc++";
				CLANG_ENABLE_MODULES = YES;
				CLANG_ENABLE_OBJC_ARC = YES;
				CLANG_WARN_BOOL_CONVERSION = YES;
				CLANG_WARN_CONSTANT_CONVERSION = YES;
				CLANG_WARN_DIRECT_OBJC_ISA_USAGE = YES_ERROR;
				CLANG_WARN_EMPTY_BODY = YES;
				CLANG_WARN_ENUM_CONVERSION = YES;
				CLANG_WARN_INT_CONVERSION = YES;
				CLANG_WARN_OBJC_ROOT_CLASS = YES_ERROR;
				CLANG_WARN_UNREACHABLE_CODE = YES;
				CLANG_WARN__DUPLICATE_METHOD_MATCH = YES;
				"CODE_SIGN_IDENTITY[sdk=iphoneos*]" = "iPhone Developer";
				COPY_PHASE_STRIP = NO;
				DEBUG_INFORMATION_FORMAT = dwarf;
				ENABLE_STRICT_OBJC_MSGSEND = YES;
				ENABLE_TESTABILITY = YES;
				GCC_C_LANGUAGE_STANDARD = gnu99;
				GCC_DYNAMIC_NO_PIC = NO;
				GCC_NO_COMMON_BLOCKS = YES;
				GCC_OPTIMIZATION_LEVEL = 0;
				GCC_PREPROCESSOR_DEFINITIONS = (
					"DEBUG=1",
					"$(inherited)",
				);
				GCC_WARN_64_TO_32_BIT_CONVERSION = YES;
				GCC_WARN_ABOUT_RETURN_TYPE = YES_ERROR;
				GCC_WARN_UNDECLARED_SELECTOR = YES;
				GCC_WARN_UNINITIALIZED_AUTOS = YES_AGGRESSIVE;
				GCC_WARN_UNUSED_FUNCTION = YES;
				GCC_WARN_UNUSED_VARIABLE = YES;
				IPHONEOS_DEPLOYMENT_TARGET = 9.2;
				MTL_ENABLE_DEBUG_INFO = YES;
				ONLY_ACTIVE_ARCH = YES;
				SDKROOT = iphoneos;
			};
			name = Debug;
		};
		FE13AFFE1C5A19D200275A5F /* Release */ = {
			isa = XCBuildConfiguration;
			buildSettings = {
				ALWAYS_SEARCH_USER_PATHS = NO;
				CLANG_CXX_LANGUAGE_STANDARD = "gnu++0x";
				CLANG_CXX_LIBRARY = "libc++";
				CLANG_ENABLE_MODULES = YES;
				CLANG_ENABLE_OBJC_ARC = YES;
				CLANG_WARN_BOOL_CONVERSION = YES;
				CLANG_WARN_CONSTANT_CONVERSION = YES;
				CLANG_WARN_DIRECT_OBJC_ISA_USAGE = YES_ERROR;
				CLANG_WARN_EMPTY_BODY = YES;
				CLANG_WARN_ENUM_CONVERSION = YES;
				CLANG_WARN_INT_CONVERSION = YES;
				CLANG_WARN_OBJC_ROOT_CLASS = YES_ERROR;
				CLANG_WARN_UNREACHABLE_CODE = YES;
				CLANG_WARN__DUPLICATE_METHOD_MATCH = YES;
				"CODE_SIGN_IDENTITY[sdk=iphoneos*]" = "iPhone Developer";
				COPY_PHASE_STRIP = NO;
				DEBUG_INFORMATION_FORMAT = "dwarf-with-dsym";
				ENABLE_NS_ASSERTIONS = NO;
				ENABLE_STRICT_OBJC_MSGSEND = YES;
				GCC_C_LANGUAGE_STANDARD = gnu99;
				GCC_NO_COMMON_BLOCKS = YES;
				GCC_WARN_64_TO_32_BIT_CONVERSION = YES;
				GCC_WARN_ABOUT_RETURN_TYPE = YES_ERROR;
				GCC_WARN_UNDECLARED_SELECTOR = YES;
				GCC_WARN_UNINITIALIZED_AUTOS = YES_AGGRESSIVE;
				GCC_WARN_UNUSED_FUNCTION = YES;
				GCC_WARN_UNUSED_VARIABLE = YES;
				IPHONEOS_DEPLOYMENT_TARGET = 9.2;
				MTL_ENABLE_DEBUG_INFO = NO;
				SDKROOT = iphoneos;
				VALIDATE_PRODUCT = YES;
			};
			name = Release;
		};
		FE13B0001C5A19D200275A5F /* Debug */ = {
			isa = XCBuildConfiguration;
			buildSettings = {
				ASSETCATALOG_COMPILER_APPICON_NAME = AppIcon;
				INFOPLIST_FILE = FKTabBarController/Info.plist;
				LD_RUNPATH_SEARCH_PATHS = "$(inherited) @executable_path/Frameworks";
				PRODUCT_BUNDLE_IDENTIFIER = com.xueban.FKTabBarController;
				PRODUCT_NAME = "$(TARGET_NAME)";
			};
			name = Debug;
		};
		FE13B0011C5A19D200275A5F /* Release */ = {
			isa = XCBuildConfiguration;
			buildSettings = {
				ASSETCATALOG_COMPILER_APPICON_NAME = AppIcon;
				INFOPLIST_FILE = FKTabBarController/Info.plist;
				LD_RUNPATH_SEARCH_PATHS = "$(inherited) @executable_path/Frameworks";
				PRODUCT_BUNDLE_IDENTIFIER = com.xueban.FKTabBarController;
				PRODUCT_NAME = "$(TARGET_NAME)";
			};
			name = Release;
		};
/* End XCBuildConfiguration section */

/* Begin XCConfigurationList section */
		FE13AFE31C5A19D100275A5F /* Build configuration list for PBXProject "FKTabBarController" */ = {
			isa = XCConfigurationList;
			buildConfigurations = (
				FE13AFFD1C5A19D200275A5F /* Debug */,
				FE13AFFE1C5A19D200275A5F /* Release */,
			);
			defaultConfigurationIsVisible = 0;
			defaultConfigurationName = Release;
		};
		FE13AFFF1C5A19D200275A5F /* Build configuration list for PBXNativeTarget "FKTabBarController" */ = {
			isa = XCConfigurationList;
			buildConfigurations = (
				FE13B0001C5A19D200275A5F /* Debug */,
				FE13B0011C5A19D200275A5F /* Release */,
			);
			defaultConfigurationIsVisible = 0;
			defaultConfigurationName = Release;
		};
/* End XCConfigurationList section */
	};
	rootObject = FE13AFE01C5A19D100275A5F /* Project object */;
}
